
Microsoft Visual Studio Solution File, Format Version 12.00
# Visual Studio 15
VisualStudioVersion = 15.0.26430.6
MinimumVisualStudioVersion = 10.0.40219.1
Project("{9A19103F-16F7-4668-BE54-9A1E7A4F7556}") = "HtmlUtility", "HtmlUtility\HtmlUtility.csproj", "{EA38CC3D-7D4C-4064-BF1B-134D8045612C}"
EndProject
Project("{9A19103F-16F7-4668-BE54-9A1E7A4F7556}") = "MyWebServer", "MyWebServer\MyWebServer.csproj", "{A29B3CD5-3D32-4C1F-9742-508AEE9063CC}"
EndProject
Project("{9A19103F-16F7-4668-BE54-9A1E7A4F7556}") = "CalculatorApp", "CalculatorApp\CalculatorApp.csproj", "{0361F3C3-2179-4192-9995-512FE9E666DA}"
EndProject
Global
	GlobalSection(SolutionConfigurationPlatforms) = preSolution
		Debug|Any CPU = Debug|Any CPU
		Release|Any CPU = Release|Any CPU
	EndGlobalSection
	GlobalSection(ProjectConfigurationPlatforms) = postSolution
		{EA38CC3D-7D4C-4064-BF1B-134D8045612C}.Debug|Any CPU.ActiveCfg = Debug|Any CPU
		{EA38CC3D-7D4C-4064-BF1B-134D8045612C}.Debug|Any CPU.Build.0 = Debug|Any CPU
		{EA38CC3D-7D4C-4064-BF1B-134D8045612C}.Release|Any CPU.ActiveCfg = Release|Any CPU
		{EA38CC3D-7D4C-4064-BF1B-134D8045612C}.Release|Any CPU.Build.0 = Release|Any CPU
		{A29B3CD5-3D32-4C1F-9742-508AEE9063CC}.Debug|Any CPU.ActiveCfg = Debug|Any CPU
		{A29B3CD5-3D32-4C1F-9742-508AEE9063CC}.Debug|Any CPU.Build.0 = Debug|Any CPU
		{A29B3CD5-3D32-4C1F-9742-508AEE9063CC}.Release|Any CPU.ActiveCfg = Release|Any CPU
		{A29B3CD5-3D32-4C1F-9742-508AEE9063CC}.Release|Any CPU.Build.0 = Release|Any CPU
		{0361F3C3-2179-4192-9995-512FE9E666DA}.Debug|Any CPU.ActiveCfg = Debug|Any CPU
		{0361F3C3-2179-4192-9995-512FE9E666DA}.Debug|Any CPU.Build.0 = Debug|Any CPU
		{0361F3C3-2179-4192-9995-512FE9E666DA}.Release|Any CPU.ActiveCfg = Release|Any CPU
		{0361F3C3-2179-4192-9995-512FE9E666DA}.Release|Any CPU.Build.0 = Release|Any CPU
	EndGlobalSection
	GlobalSection(SolutionProperties) = preSolution
		HideSolutionNode = FALSE
	EndGlobalSection
EndGlobal
